// !$*UTF8*$!
{
	archiveVersion = 1;
	classes = {
	};
	objectVersion = 77;
	objects = {

/* Begin PBXContainerItemProxy section */
		F1026EDF2E3648C80025B4E1 /* PBXContainerItemProxy */ = {
			isa = PBXContainerItemProxy;
			containerPortal = F1026EC02E3648C60025B4E1 /* Project object */;
			proxyType = 1;
			remoteGlobalIDString = F1026EC72E3648C60025B4E1;
			remoteInfo = "ChatBot mini AI";
		};
		F1026EE92E3648C80025B4E1 /* PBXContainerItemProxy */ = {
			isa = PBXContainerItemProxy;
			containerPortal = F1026EC02E3648C60025B4E1 /* Project object */;
			proxyType = 1;
			remoteGlobalIDString = F1026EC72E3648C60025B4E1;
			remoteInfo = "ChatBot mini AI";
		};
/* End PBXContainerItemProxy section */

/* Begin PBXFileReference section */
		F1026EC82E3648C60025B4E1 /* ChatBot mini AI.app */ = {isa = PBXFileReference; explicitFileType = wrapper.application; includeInIndex = 0; path = "ChatBot mini AI.app"; sourceTree = BUILT_PRODUCTS_DIR; };
		F1026EDE2E3648C80025B4E1 /* ChatBot mini AITests.xctest */ = {isa = PBXFileReference; explicitFileType = wrapper.cfbundle; includeInIndex = 0; path = "ChatBot mini AITests.xctest"; sourceTree = BUILT_PRODUCTS_DIR; };
		F1026EE82E3648C80025B4E1 /* ChatBot mini AIUITests.xctest */ = {isa = PBXFileReference; explicitFileType = wrapper.cfbundle; includeInIndex = 0; path = "ChatBot mini AIUITests.xctest"; sourceTree = BUILT_PRODUCTS_DIR; };
/* End PBXFileReference section */

/* Begin PBXFileSystemSynchronizedBuildFileExceptionSet section */
		F1026EF02E3648C80025B4E1 /* Exceptions for "ChatBot mini AI" folder in "ChatBot mini AI" target */ = {
			isa = PBXFileSystemSynchronizedBuildFileExceptionSet;
			membershipExceptions = (
				Info.plist,
			);
			target = F1026EC72E3648C60025B4E1 /* ChatBot mini AI */;
		};
/* End PBXFileSystemSynchronizedBuildFileExceptionSet section */

/* Begin PBXFileSystemSynchronizedRootGroup section */
		F1026ECA2E3648C60025B4E1 /* ChatBot mini AI */ = {
			isa = PBXFileSystemSynchronizedRootGroup;
			exceptions = (
				F1026EF02E3648C80025B4E1 /* Exceptions for "ChatBot mini AI" folder in "ChatBot mini AI" target */,
			);
			path = "ChatBot mini AI";
			sourceTree = "<group>";
		};
		F1026EE12E3648C80025B4E1 /* ChatBot mini AITests */ = {
			isa = PBXFileSystemSynchronizedRootGroup;
			path = "ChatBot mini AITests";
			sourceTree = "<group>";
		};
		F1026EEB2E3648C80025B4E1 /* ChatBot mini AIUITests */ = {
			isa = PBXFileSystemSynchronizedRootGroup;
			path = "ChatBot mini AIUITests";
			sourceTree = "<group>";
		};
/* End PBXFileSystemSynchronizedRootGroup section */

/* Begin PBXFrameworksBuildPhase section */
		F1026EC52E3648C60025B4E1 /* Frameworks */ = {
			isa = PBXFrameworksBuildPhase;
			buildActionMask = 2147483647;
			files = (
			);
			runOnlyForDeploymentPostprocessing = 0;
		};
		F1026EDB2E3648C80025B4E1 /* Frameworks */ = {
			isa = PBXFrameworksBuildPhase;
			buildActionMask = 2147483647;
			files = (
			);
			runOnlyForDeploymentPostprocessing = 0;
		};
		F1026EE52E3648C80025B4E1 /* Frameworks */ = {
			isa = PBXFrameworksBuildPhase;
			buildActionMask = 2147483647;
			files = (
			);
			runOnlyForDeploymentPostprocessing = 0;
		};
/* End PBXFrameworksBuildPhase section */

/* Begin PBXGroup section */
		F1026EBF2E3648C60025B4E1 = {
			isa = PBXGroup;
			children = (
				F1026ECA2E3648C60025B4E1 /* ChatBot mini AI */,
				F1026EE12E3648C80025B4E1 /* ChatBot mini AITests */,
				F1026EEB2E3648C80025B4E1 /* ChatBot mini AIUITests */,
				F1026EC92E3648C60025B4E1 /* Products */,
			);
			sourceTree = "<group>";
		};
		F1026EC92E3648C60025B4E1 /* Products */ = {
			isa = PBXGroup;
			children = (
				F1026EC82E3648C60025B4E1 /* ChatBot mini AI.app */,
				F1026EDE2E3648C80025B4E1 /* ChatBot mini AITests.xctest */,
				F1026EE82E3648C80025B4E1 /* ChatBot mini AIUITests.xctest */,
			);
			name = Products;
			sourceTree = "<group>";
		};
/* End PBXGroup section */

/* Begin PBXNativeTarget section */
		F1026EC72E3648C60025B4E1 /* ChatBot mini AI */ = {
			isa = PBXNativeTarget;
			buildConfigurationList = F1026EF12E3648C80025B4E1 /* Build configuration list for PBXNativeTarget "ChatBot mini AI" */;
			buildPhases = (
				F1026EC42E3648C60025B4E1 /* Sources */,
				F1026EC52E3648C60025B4E1 /* Frameworks */,
				F1026EC62E3648C60025B4E1 /* Resources */,
			);
			buildRules = (
			);
			dependencies = (
			);
			fileSystemSynchronizedGroups = (
				F1026ECA2E3648C60025B4E1 /* ChatBot mini AI */,
			);
			name = "ChatBot mini AI";
			packageProductDependencies = (
			);
			productName = "ChatBot mini AI";
			productReference = F1026EC82E3648C60025B4E1 /* ChatBot mini AI.app */;
			productType = "com.apple.product-type.application";
		};
		F1026EDD2E3648C80025B4E1 /* ChatBot mini AITests */ = {
			isa = PBXNativeTarget;
			buildConfigurationList = F1026EF62E3648C80025B4E1 /* Build configuration list for PBXNativeTarget "ChatBot mini AITests" */;
			buildPhases = (
				F1026EDA2E3648C80025B4E1 /* Sources */,
				F1026EDB2E3648C80025B4E1 /* Frameworks */,
				F1026EDC2E3648C80025B4E1 /* Resources */,
			);
			buildRules = (
			);
			dependencies = (
				F1026EE02E3648C80025B4E1 /* PBXTargetDependency */,
			);
			fileSystemSynchronizedGroups = (
				F1026EE12E3648C80025B4E1 /* ChatBot mini AITests */,
			);
			name = "ChatBot mini AITests";
			packageProductDependencies = (
			);
			productName = "ChatBot mini AITests";
			productReference = F1026EDE2E3648C80025B4E1 /* ChatBot mini AITests.xctest */;
			productType = "com.apple.product-type.bundle.unit-test";
		};
		F1026EE72E3648C80025B4E1 /* ChatBot mini AIUITests */ = {
			isa = PBXNativeTarget;
			buildConfigurationList = F1026EF92E3648C80025B4E1 /* Build configuration list for PBXNativeTarget "ChatBot mini AIUITests" */;
			buildPhases = (
				F1026EE42E3648C80025B4E1 /* Sources */,
				F1026EE52E3648C80025B4E1 /* Frameworks */,
				F1026EE62E3648C80025B4E1 /* Resources */,
			);
			buildRules = (
			);
			dependencies = (
				F1026EEA2E3648C80025B4E1 /* PBXTargetDependency */,
			);
			fileSystemSynchronizedGroups = (
				F1026EEB2E3648C80025B4E1 /* ChatBot mini AIUITests */,
			);
			name = "ChatBot mini AIUITests";
			packageProductDependencies = (
			);
			productName = "ChatBot mini AIUITests";
			productReference = F1026EE82E3648C80025B4E1 /* ChatBot mini AIUITests.xctest */;
			productType = "com.apple.product-type.bundle.ui-testing";
		};
/* End PBXNativeTarget section */

/* Begin PBXProject section */
		F1026EC02E3648C60025B4E1 /* Project object */ = {
			isa = PBXProject;
			attributes = {
				BuildIndependentTargetsInParallel = 1;
				LastSwiftUpdateCheck = 1640;
				LastUpgradeCheck = 1640;
				TargetAttributes = {
					F1026EC72E3648C60025B4E1 = {
						CreatedOnToolsVersion = 16.4;
					};
					F1026EDD2E3648C80025B4E1 = {
						CreatedOnToolsVersion = 16.4;
						TestTargetID = F1026EC72E3648C60025B4E1;
					};
					F1026EE72E3648C80025B4E1 = {
						CreatedOnToolsVersion = 16.4;
						TestTargetID = F1026EC72E3648C60025B4E1;
					};
				};
			};
			buildConfigurationList = F1026EC32E3648C60025B4E1 /* Build configuration list for PBXProject "ChatBot mini AI" */;
			developmentRegion = en;
			hasScannedForEncodings = 0;
			knownRegions = (
				en,
				Base,
			);
			mainGroup = F1026EBF2E3648C60025B4E1;
			minimizedProjectReferenceProxies = 1;
			preferredProjectObjectVersion = 77;
			productRefGroup = F1026EC92E3648C60025B4E1 /* Products */;
			projectDirPath = "";
			projectRoot = "";
			targets = (
				F1026EC72E3648C60025B4E1 /* ChatBot mini AI */,
				F1026EDD2E3648C80025B4E1 /* ChatBot mini AITests */,
				F1026EE72E3648C80025B4E1 /* ChatBot mini AIUITests */,
			);
		};
/* End PBXProject section */

/* Begin PBXResourcesBuildPhase section */
		F1026EC62E3648C60025B4E1 /* Resources */ = {
			isa = PBXResourcesBuildPhase;
			buildActionMask = 2147483647;
			files = (
			);
			runOnlyForDeploymentPostprocessing = 0;
		};
		F1026EDC2E3648C80025B4E1 /* Resources */ = {
			isa = PBXResourcesBuildPhase;
			buildActionMask = 2147483647;
			files = (
			);
			runOnlyForDeploymentPostprocessing = 0;
		};
		F1026EE62E3648C80025B4E1 /* Resources */ = {
			isa = PBXResourcesBuildPhase;
			buildActionMask = 2147483647;
			files = (
			);
			runOnlyForDeploymentPostprocessing = 0;
		};
/* End PBXResourcesBuildPhase section */

/* Begin PBXSourcesBuildPhase section */
		F1026EC42E3648C60025B4E1 /* Sources */ = {
			isa = PBXSourcesBuildPhase;
			buildActionMask = 2147483647;
			files = (
			);
			runOnlyForDeploymentPostprocessing = 0;
		};
		F1026EDA2E3648C80025B4E1 /* Sources */ = {
			isa = PBXSourcesBuildPhase;
			buildActionMask = 2147483647;
			files = (
			);
			runOnlyForDeploymentPostprocessing = 0;
		};
		F1026EE42E3648C80025B4E1 /* Sources */ = {
			isa = PBXSourcesBuildPhase;
			buildActionMask = 2147483647;
			files = (
			);
			runOnlyForDeploymentPostprocessing = 0;
		};
/* End PBXSourcesBuildPhase section */

/* Begin PBXTargetDependency section */
		F1026EE02E3648C80025B4E1 /* PBXTargetDependency */ = {
			isa = PBXTargetDependency;
			target = F1026EC72E3648C60025B4E1 /* ChatBot mini AI */;
			targetProxy = F1026EDF2E3648C80025B4E1 /* PBXContainerItemProxy */;
		};
		F1026EEA2E3648C80025B4E1 /* PBXTargetDependency */ = {
			isa = PBXTargetDependency;
			target = F1026EC72E3648C60025B4E1 /* ChatBot mini AI */;
			targetProxy = F1026EE92E3648C80025B4E1 /* PBXContainerItemProxy */;
		};
/* End PBXTargetDependency section */

/* Begin XCBuildConfiguration section */
		F1026EF22E3648C80025B4E1 /* Debug */ = {
			isa = XCBuildConfiguration;
			buildSettings = {
				ASSETCATALOG_COMPILER_APPICON_NAME = AppIcon;
				ASSETCATALOG_COMPILER_GLOBAL_ACCENT_COLOR_NAME = AccentColor;
				CODE_SIGN_STYLE = Automatic;
				CURRENT_PROJECT_VERSION = 1;
				DEVELOPMENT_TEAM = AFXYLNW6L3;
				GENERATE_INFOPLIST_FILE = YES;
				INFOPLIST_FILE = "ChatBot mini AI/Info.plist";
				INFOPLIST_KEY_UIApplicationSupportsIndirectInputEvents = YES;
				INFOPLIST_KEY_UILaunchStoryboardName = LaunchScreen;
				INFOPLIST_KEY_UISupportedInterfaceOrientations = UIInterfaceOrientationPortrait;
				INFOPLIST_KEY_UISupportedInterfaceOrientations_iPad = "UIInterfaceOrientationLandscapeLeft UIInterfaceOrientationLandscapeRight UIInterfaceOrientationPortrait UIInterfaceOrientationPortraitUpsideDown";
				LD_RUNPATH_SEARCH_PATHS = (
					"$(inherited)",
					"@executable_path/Frameworks",
				);
				MARKETING_VERSION = 1.0;
				PRODUCT_BUNDLE_IDENTIFIER = "zauTT.ChatBot-mini-AI";
				PRODUCT_NAME = "$(TARGET_NAME)";
				SWIFT_EMIT_LOC_STRINGS = YES;
				SWIFT_VERSION = 5.0;
				TARGETED_DEVICE_FAMILY = "1,2";
			};
			name = Debug;
		};
		F1026EF32E3648C80025B4E1 /* Release */ = {
			isa = XCBuildConfiguration;
			buildSettings = {
				ASSETCATALOG_COMPILER_APPICON_NAME = AppIcon;
				ASSETCATALOG_COMPILER_GLOBAL_ACCENT_COLOR_NAME = AccentColor;
				CODE_SIGN_STYLE = Automatic;
				CURRENT_PROJECT_VERSION = 1;
				DEVELOPMENT_TEAM = AFXYLNW6L3;
				GENERATE_INFOPLIST_FILE = YES;
				INFOPLIST_FILE = "ChatBot mini AI/Info.plist";
				INFOPLIST_KEY_UIApplicationSupportsIndirectInputEvents = YES;
				INFOPLIST_KEY_UILaunchStoryboardName = LaunchScreen;
				INFOPLIST_KEY_UISupportedInterfaceOrientations = UIInterfaceOrientationPortrait;
				INFOPLIST_KEY_UISupportedInterfaceOrientations_iPad = "UIInterfaceOrientationLandscapeLeft UIInterfaceOrientationLandscapeRight UIInterfaceOrientationPortrait UIInterfaceOrientationPortraitUpsideDown";
				LD_RUNPATH_SEARCH_PATHS = (
					"$(inherited)",
					"@executable_path/Frameworks",
				);
				MARKETING_VERSION = 1.0;
				PRODUCT_BUNDLE_IDENTIFIER = "zauTT.ChatBot-mini-AI";
				PRODUCT_NAME = "$(TARGET_NAME)";
				SWIFT_EMIT_LOC_STRINGS = YES;
				SWIFT_VERSION = 5.0;
				TARGETED_DEVICE_FAMILY = "1,2";
			};
			name = Release;
		};
		F1026EF42E3648C80025B4E1 /* Debug */ = {
			isa = XCBuildConfiguration;
			buildSettings = {
				ALWAYS_SEARCH_USER_PATHS = NO;
				ASSETCATALOG_COMPILER_GENERATE_SWIFT_ASSET_SYMBOL_EXTENSIONS = YES;
				CLANG_ANALYZER_NONNULL = YES;
				CLANG_ANALYZER_NUMBER_OBJECT_CONVERSION = YES_AGGRESSIVE;
				CLANG_CXX_LANGUAGE_STANDARD = "gnu++20";
				CLANG_ENABLE_MODULES = YES;
				CLANG_ENABLE_OBJC_ARC = YES;
				CLANG_ENABLE_OBJC_WEAK = YES;
				CLANG_WARN_BLOCK_CAPTURE_AUTORELEASING = YES;
				CLANG_WARN_BOOL_CONVERSION = YES;
				CLANG_WARN_COMMA = YES;
				CLANG_WARN_CONSTANT_CONVERSION = YES;
				CLANG_WARN_DEPRECATED_OBJC_IMPLEMENTATIONS = YES;
				CLANG_WARN_DIRECT_OBJC_ISA_USAGE = YES_ERROR;
				CLANG_WARN_DOCUMENTATION_COMMENTS = YES;
				CLANG_WARN_EMPTY_BODY = YES;
				CLANG_WARN_ENUM_CONVERSION = YES;
				CLANG_WARN_INFINITE_RECURSION = YES;
				CLANG_WARN_INT_CONVERSION = YES;
				CLANG_WARN_NON_LITERAL_NULL_CONVERSION = YES;
				CLANG_WARN_OBJC_IMPLICIT_RETAIN_SELF = YES;
				CLANG_WARN_OBJC_LITERAL_CONVERSION = YES;
				CLANG_WARN_OBJC_ROOT_CLASS = YES_ERROR;
				CLANG_WARN_QUOTED_INCLUDE_IN_FRAMEWORK_HEADER = YES;
				CLANG_WARN_RANGE_LOOP_ANALYSIS = YES;
				CLANG_WARN_STRICT_PROTOTYPES = YES;
				CLANG_WARN_SUSPICIOUS_MOVE = YES;
				CLANG_WARN_UNGUARDED_AVAILABILITY = YES_AGGRESSIVE;
				CLANG_WARN_UNREACHABLE_CODE = YES;
				CLANG_WARN__DUPLICATE_METHOD_MATCH = YES;
				COPY_PHASE_STRIP = NO;
				DEBUG_INFORMATION_FORMAT = dwarf;
				DEVELOPMENT_TEAM = AFXYLNW6L3;
				ENABLE_STRICT_OBJC_MSGSEND = YES;
				ENABLE_TESTABILITY = YES;
				ENABLE_USER_SCRIPT_SANDBOXING = YES;
				GCC_C_LANGUAGE_STANDARD = gnu17;
				GCC_DYNAMIC_NO_PIC = NO;
				GCC_NO_COMMON_BLOCKS = YES;
				GCC_OPTIMIZATION_LEVEL = 0;
				GCC_PREPROCESSOR_DEFINITIONS = (
					"DEBUG=1",
					"$(inherited)",
				);
				GCC_WARN_64_TO_32_BIT_CONVERSION = YES;
				GCC_WARN_ABOUT_RETURN_TYPE = YES_ERROR;
				GCC_WARN_UNDECLARED_SELECTOR = YES;
				GCC_WARN_UNINITIALIZED_AUTOS = YES_AGGRESSIVE;
				GCC_WARN_UNUSED_FUNCTION = YES;
				GCC_WARN_UNUSED_VARIABLE = YES;
				IPHONEOS_DEPLOYMENT_TARGET = 18.5;
				LOCALIZATION_PREFERS_STRING_CATALOGS = YES;
				MTL_ENABLE_DEBUG_INFO = INCLUDE_SOURCE;
				MTL_FAST_MATH = YES;
				ONLY_ACTIVE_ARCH = YES;
				SDKROOT = iphoneos;
				SWIFT_ACTIVE_COMPILATION_CONDITIONS = "DEBUG $(inherited)";
				SWIFT_OPTIMIZATION_LEVEL = "-Onone";
			};
			name = Debug;
		};
		F1026EF52E3648C80025B4E1 /* Release */ = {
			isa = XCBuildConfiguration;
			buildSettings = {
				ALWAYS_SEARCH_USER_PATHS = NO;
				ASSETCATALOG_COMPILER_GENERATE_SWIFT_ASSET_SYMBOL_EXTENSIONS = YES;
				CLANG_ANALYZER_NONNULL = YES;
				CLANG_ANALYZER_NUMBER_OBJECT_CONVERSION = YES_AGGRESSIVE;
				CLANG_CXX_LANGUAGE_STANDARD = "gnu++20";
				CLANG_ENABLE_MODULES = YES;
				CLANG_ENABLE_OBJC_ARC = YES;
				CLANG_ENABLE_OBJC_WEAK = YES;
				CLANG_WARN_BLOCK_CAPTURE_AUTORELEASING = YES;
				CLANG_WARN_BOOL_CONVERSION = YES;
				CLANG_WARN_COMMA = YES;
				CLANG_WARN_CONSTANT_CONVERSION = YES;
				CLANG_WARN_DEPRECATED_OBJC_IMPLEMENTATIONS = YES;
				CLANG_WARN_DIRECT_OBJC_ISA_USAGE = YES_ERROR;
				CLANG_WARN_DOCUMENTATION_COMMENTS = YES;
				CLANG_WARN_EMPTY_BODY = YES;
				CLANG_WARN_ENUM_CONVERSION = YES;
				CLANG_WARN_INFINITE_RECURSION = YES;
				CLANG_WARN_INT_CONVERSION = YES;
				CLANG_WARN_NON_LITERAL_NULL_CONVERSION = YES;
				CLANG_WARN_OBJC_IMPLICIT_RETAIN_SELF = YES;
				CLANG_WARN_OBJC_LITERAL_CONVERSION = YES;
				CLANG_WARN_OBJC_ROOT_CLASS = YES_ERROR;
				CLANG_WARN_QUOTED_INCLUDE_IN_FRAMEWORK_HEADER = YES;
				CLANG_WARN_RANGE_LOOP_ANALYSIS = YES;
				CLANG_WARN_STRICT_PROTOTYPES = YES;
				CLANG_WARN_SUSPICIOUS_MOVE = YES;
				CLANG_WARN_UNGUARDED_AVAILABILITY = YES_AGGRESSIVE;
				CLANG_WARN_UNREACHABLE_CODE = YES;
				CLANG_WARN__DUPLICATE_METHOD_MATCH = YES;
				COPY_PHASE_STRIP = NO;
				DEBUG_INFORMATION_FORMAT = "dwarf-with-dsym";
				DEVELOPMENT_TEAM = AFXYLNW6L3;
				ENABLE_NS_ASSERTIONS = NO;
				ENABLE_STRICT_OBJC_MSGSEND = YES;
				ENABLE_USER_SCRIPT_SANDBOXING = YES;
				GCC_C_LANGUAGE_STANDARD = gnu17;
				GCC_NO_COMMON_BLOCKS = YES;
				GCC_WARN_64_TO_32_BIT_CONVERSION = YES;
				GCC_WARN_ABOUT_RETURN_TYPE = YES_ERROR;
				GCC_WARN_UNDECLARED_SELECTOR = YES;
				GCC_WARN_UNINITIALIZED_AUTOS = YES_AGGRESSIVE;
				GCC_WARN_UNUSED_FUNCTION = YES;
				GCC_WARN_UNUSED_VARIABLE = YES;
				IPHONEOS_DEPLOYMENT_TARGET = 18.5;
				LOCALIZATION_PREFERS_STRING_CATALOGS = YES;
				MTL_ENABLE_DEBUG_INFO = NO;
				MTL_FAST_MATH = YES;
				SDKROOT = iphoneos;
				SWIFT_COMPILATION_MODE = wholemodule;
				VALIDATE_PRODUCT = YES;
			};
			name = Release;
		};
		F1026EF72E3648C80025B4E1 /* Debug */ = {
			isa = XCBuildConfiguration;
			buildSettings = {
				BUNDLE_LOADER = "$(TEST_HOST)";
				CODE_SIGN_STYLE = Automatic;
				CURRENT_PROJECT_VERSION = 1;
				DEVELOPMENT_TEAM = AFXYLNW6L3;
				GENERATE_INFOPLIST_FILE = YES;
				IPHONEOS_DEPLOYMENT_TARGET = 18.5;
				MARKETING_VERSION = 1.0;
				PRODUCT_BUNDLE_IDENTIFIER = "zauTT.ChatBot-mini-AITests";
				PRODUCT_NAME = "$(TARGET_NAME)";
				SWIFT_EMIT_LOC_STRINGS = NO;
				SWIFT_VERSION = 5.0;
				TARGETED_DEVICE_FAMILY = "1,2";
				TEST_HOST = "$(BUILT_PRODUCTS_DIR)/ChatBot mini AI.app/$(BUNDLE_EXECUTABLE_FOLDER_PATH)/ChatBot mini AI";
			};
			name = Debug;
		};
		F1026EF82E3648C80025B4E1 /* Release */ = {
			isa = XCBuildConfiguration;
			buildSettings = {
				BUNDLE_LOADER = "$(TEST_HOST)";
				CODE_SIGN_STYLE = Automatic;
				CURRENT_PROJECT_VERSION = 1;
				DEVELOPMENT_TEAM = AFXYLNW6L3;
				GENERATE_INFOPLIST_FILE = YES;
				IPHONEOS_DEPLOYMENT_TARGET = 18.5;
				MARKETING_VERSION = 1.0;
				PRODUCT_BUNDLE_IDENTIFIER = "zauTT.ChatBot-mini-AITests";
				PRODUCT_NAME = "$(TARGET_NAME)";
				SWIFT_EMIT_LOC_STRINGS = NO;
				SWIFT_VERSION = 5.0;
				TARGETED_DEVICE_FAMILY = "1,2";
				TEST_HOST = "$(BUILT_PRODUCTS_DIR)/ChatBot mini AI.app/$(BUNDLE_EXECUTABLE_FOLDER_PATH)/ChatBot mini AI";
			};
			name = Release;
		};
		F1026EFA2E3648C80025B4E1 /* Debug */ = {
			isa = XCBuildConfiguration;
			buildSettings = {
				CODE_SIGN_STYLE = Automatic;
				CURRENT_PROJECT_VERSION = 1;
				DEVELOPMENT_TEAM = AFXYLNW6L3;
				GENERATE_INFOPLIST_FILE = YES;
				MARKETING_VERSION = 1.0;
				PRODUCT_BUNDLE_IDENTIFIER = "zauTT.ChatBot-mini-AIUITests";
				PRODUCT_NAME = "$(TARGET_NAME)";
				SWIFT_EMIT_LOC_STRINGS = NO;
				SWIFT_VERSION = 5.0;
				TARGETED_DEVICE_FAMILY = "1,2";
				TEST_TARGET_NAME = "ChatBot mini AI";
			};
			name = Debug;
		};
		F1026EFB2E3648C80025B4E1 /* Release */ = {
			isa = XCBuildConfiguration;
			buildSettings = {
				CODE_SIGN_STYLE = Automatic;
				CURRENT_PROJECT_VERSION = 1;
				DEVELOPMENT_TEAM = AFXYLNW6L3;
				GENERATE_INFOPLIST_FILE = YES;
				MARKETING_VERSION = 1.0;
				PRODUCT_BUNDLE_IDENTIFIER = "zauTT.ChatBot-mini-AIUITests";
				PRODUCT_NAME = "$(TARGET_NAME)";
				SWIFT_EMIT_LOC_STRINGS = NO;
				SWIFT_VERSION = 5.0;
				TARGETED_DEVICE_FAMILY = "1,2";
				TEST_TARGET_NAME = "ChatBot mini AI";
			};
			name = Release;
		};
/* End XCBuildConfiguration section */

/* Begin XCConfigurationList section */
		F1026EC32E3648C60025B4E1 /* Build configuration list for PBXProject "ChatBot mini AI" */ = {
			isa = XCConfigurationList;
			buildConfigurations = (
				F1026EF42E3648C80025B4E1 /* Debug */,
				F1026EF52E3648C80025B4E1 /* Release */,
			);
			defaultConfigurationIsVisible = 0;
			defaultConfigurationName = Release;
		};
		F1026EF12E3648C80025B4E1 /* Build configuration list for PBXNativeTarget "ChatBot mini AI" */ = {
			isa = XCConfigurationList;
			buildConfigurations = (
				F1026EF22E3648C80025B4E1 /* Debug */,
				F1026EF32E3648C80025B4E1 /* Release */,
			);
			defaultConfigurationIsVisible = 0;
			defaultConfigurationName = Release;
		};
		F1026EF62E3648C80025B4E1 /* Build configuration list for PBXNativeTarget "ChatBot mini AITests" */ = {
			isa = XCConfigurationList;
			buildConfigurations = (
				F1026EF72E3648C80025B4E1 /* Debug */,
				F1026EF82E3648C80025B4E1 /* Release */,
			);
			defaultConfigurationIsVisible = 0;
			defaultConfigurationName = Release;
		};
		F1026EF92E3648C80025B4E1 /* Build configuration list for PBXNativeTarget "ChatBot mini AIUITests" */ = {
			isa = XCConfigurationList;
			buildConfigurations = (
				F1026EFA2E3648C80025B4E1 /* Debug */,
				F1026EFB2E3648C80025B4E1 /* Release */,
			);
			defaultConfigurationIsVisible = 0;
			defaultConfigurationName = Release;
		};
/* End XCConfigurationList section */
	};
	rootObject = F1026EC02E3648C60025B4E1 /* Project object */;
}
